
Microsoft Visual Studio Solution File, Format Version 12.00
# Visual Studio Version 17
VisualStudioVersion = 17.2.32630.192
MinimumVisualStudioVersion = 10.0.40219.1
Project("{FAE04EC0-301F-11D3-BF4B-00C04F79EFBC}") = "MRabbitMQ.publisher", "MRabbitMQ.publisher\MRabbitMQ.publisher.csproj", "{90D89EEE-32B4-4747-AD14-006CD5AD9508}"
EndProject
Project("{FAE04EC0-301F-11D3-BF4B-00C04F79EFBC}") = "MRabbitMQ.subscriber", "MRabbitMQ.subscriber\MRabbitMQ.subscriber.csproj", "{1D6561F9-EB19-498C-B652-63F024DBD7FD}"
EndProject
Project("{FAE04EC0-301F-11D3-BF4B-00C04F79EFBC}") = "SharedLibrary", "SharedLibrary\SharedLibrary.csproj", "{F33FC661-347D-41E8-AA33-40C9306466CA}"
EndProject
Global
	GlobalSection(SolutionConfigurationPlatforms) = preSolution
		Debug|Any CPU = Debug|Any CPU
		Release|Any CPU = Release|Any CPU
	EndGlobalSection
	GlobalSection(ProjectConfigurationPlatforms) = postSolution
		{90D89EEE-32B4-4747-AD14-006CD5AD9508}.Debug|Any CPU.ActiveCfg = Debug|Any CPU
		{90D89EEE-32B4-4747-AD14-006CD5AD9508}.Debug|Any CPU.Build.0 = Debug|Any CPU
		{90D89EEE-32B4-4747-AD14-006CD5AD9508}.Release|Any CPU.ActiveCfg = Release|Any CPU
		{90D89EEE-32B4-4747-AD14-006CD5AD9508}.Release|Any CPU.Build.0 = Release|Any CPU
		{1D6561F9-EB19-498C-B652-63F024DBD7FD}.Debug|Any CPU.ActiveCfg = Debug|Any CPU
		{1D6561F9-EB19-498C-B652-63F024DBD7FD}.Debug|Any CPU.Build.0 = Debug|Any CPU
		{1D6561F9-EB19-498C-B652-63F024DBD7FD}.Release|Any CPU.ActiveCfg = Release|Any CPU
		{1D6561F9-EB19-498C-B652-63F024DBD7FD}.Release|Any CPU.Build.0 = Release|Any CPU
		{F33FC661-347D-41E8-AA33-40C9306466CA}.Debug|Any CPU.ActiveCfg = Debug|Any CPU
		{F33FC661-347D-41E8-AA33-40C9306466CA}.Debug|Any CPU.Build.0 = Debug|Any CPU
		{F33FC661-347D-41E8-AA33-40C9306466CA}.Release|Any CPU.ActiveCfg = Release|Any CPU
		{F33FC661-347D-41E8-AA33-40C9306466CA}.Release|Any CPU.Build.0 = Release|Any CPU
	EndGlobalSection
	GlobalSection(SolutionProperties) = preSolution
		HideSolutionNode = FALSE
	EndGlobalSection
	GlobalSection(ExtensibilityGlobals) = postSolution
		SolutionGuid = {069A63F0-C5FE-411E-AA0E-6D1EADDB2FFA}
	EndGlobalSection
EndGlobal
